dependencies:
  espressif/cmake_utilities:
    component_hash: 351350613ceafba240b761b4ea991e0f231ac7a9f59a9ee901f751bddc0bb18f
    dependencies:
    - name: idf
      require: private
      version: '>=4.1'
    source:
      registry_url: https://components.espressif.com/
      type: service
    version: 0.5.3
  espressif/esp32-camera:
    component_hash: 154da98781f3ee98f6dbbdd3aaec97497051fb1a570c300fc0fd3a946874a02e
    dependencies: []
    source:
      registry_url: https://components.espressif.com/
      type: service
    version: 2.0.12
  espressif/led_strip:
    component_hash: 28c6509a727ef74925b372ed404772aeedf11cce10b78c3f69b3c66799095e2d
    dependencies:
    - name: idf
      require: private
      version: '>=4.4'
    source:
      registry_url: https://components.espressif.com/
      type: service
    version: 2.5.5
  espressif/mdns:
    component_hash: af6306fe65d637a3683d1cf671508fcedd6b05f9ca029a8815abeab64001fb8d
    dependencies:
    - name: idf
      require: private
      version: '>=5.0'
    source:
      registry_url: https://components.espressif.com/
      type: service
    version: 1.4.0
  espressif/tinyusb:
    component_hash: 214989d502fc168241a4a4f83b097d8ac44a93cd6f1787b4ac10069a8b3bebd3
    dependencies:
    - name: idf
      require: private
      version: '>=5.0'
    source:
      registry_url: https://components.espressif.com/
      type: service
    targets:
    - esp32s2
    - esp32s3
    - esp32p4
    version: 0.15.0~10
  espressif/usb_device_uvc:
    component_hash: f86ee44e64f3914474919a14ac4d47082d6a2888a62c239e6e9dc58c32da4682
    dependencies:
    - name: espressif/cmake_utilities
      registry_url: https://components.espressif.com/
      require: private
      version: '*'
    - name: espressif/tinyusb
      registry_url: https://components.espressif.com/
      require: private
      version: '>=0.15.0~10'
    - name: idf
      require: private
      version: '>=5.0'
    source:
      registry_url: https://components.espressif.com/
      type: service
    targets:
    - esp32s2
    - esp32s3
    - esp32p4
    version: 1.1.0
  idf:
    source:
      type: idf
    version: 5.3.1
direct_dependencies:
- espressif/esp32-camera
- espressif/led_strip
- espressif/mdns
- espressif/usb_device_uvc
- idf
manifest_hash: dfe29d524d2f5acb426e21118042ac1c021e44e8e7072b700d872ac75499cd6c
target: esp32s3
version: 2.0.0
